
Microsoft Visual Studio Solution File, Format Version 12.00
# Visual Studio Version 17
VisualStudioVersion = 17.0.32112.339
MinimumVisualStudioVersion = 10.0.40219.1
Project("{FAE04EC0-301F-11D3-BF4B-00C04F79EFBC}") = "DemoAPI2", "DemoAPI2\DemoAPI2.csproj", "{BBD0CAE7-ECA5-4A57-A891-FCF25B3B5C0C}"
EndProject
Global
	GlobalSection(SolutionConfigurationPlatforms) = preSolution
		Debug|Any CPU = Debug|Any CPU
		Release|Any CPU = Release|Any CPU
	EndGlobalSection
	GlobalSection(ProjectConfigurationPlatforms) = postSolution
		{BBD0CAE7-ECA5-4A57-A891-FCF25B3B5C0C}.Debug|Any CPU.ActiveCfg = Debug|Any CPU
		{BBD0CAE7-ECA5-4A57-A891-FCF25B3B5C0C}.Debug|Any CPU.Build.0 = Debug|Any CPU
		{BBD0CAE7-ECA5-4A57-A891-FCF25B3B5C0C}.Release|Any CPU.ActiveCfg = Release|Any CPU
		{BBD0CAE7-ECA5-4A57-A891-FCF25B3B5C0C}.Release|Any CPU.Build.0 = Release|Any CPU
	EndGlobalSection
	GlobalSection(SolutionProperties) = preSolution
		HideSolutionNode = FALSE
	EndGlobalSection
	GlobalSection(ExtensibilityGlobals) = postSolution
		SolutionGuid = {B821B225-AD27-407B-BE5B-86B5332FDEA4}
	EndGlobalSection
EndGlobal
